
Microsoft Visual Studio Solution File, Format Version 12.00
# Visual Studio Version 17
VisualStudioVersion = 17.4.33122.133
MinimumVisualStudioVersion = 10.0.40219.1
Project("{FAE04EC0-301F-11D3-BF4B-00C04F79EFBC}") = "WebApplication3", "WebApplication3\WebApplication3.csproj", "{B6608158-A29E-4A86-909F-8E22532FCC0E}"
EndProject
Global
	GlobalSection(SolutionConfigurationPlatforms) = preSolution
		Debug|Any CPU = Debug|Any CPU
		Release|Any CPU = Release|Any CPU
	EndGlobalSection
	GlobalSection(ProjectConfigurationPlatforms) = postSolution
		{B6608158-A29E-4A86-909F-8E22532FCC0E}.Debug|Any CPU.ActiveCfg = Debug|Any CPU
		{B6608158-A29E-4A86-909F-8E22532FCC0E}.Debug|Any CPU.Build.0 = Debug|Any CPU
		{B6608158-A29E-4A86-909F-8E22532FCC0E}.Release|Any CPU.ActiveCfg = Release|Any CPU
		{B6608158-A29E-4A86-909F-8E22532FCC0E}.Release|Any CPU.Build.0 = Release|Any CPU
	EndGlobalSection
	GlobalSection(SolutionProperties) = preSolution
		HideSolutionNode = FALSE
	EndGlobalSection
	GlobalSection(ExtensibilityGlobals) = postSolution
		SolutionGuid = {D6D9E3CA-1A23-47FA-9C95-E41BFF83E705}
	EndGlobalSection
EndGlobal
